// !$*UTF8*$!
{
	archiveVersion = 1;
	classes = {
	};
	objectVersion = 56;
	objects = {

/* Begin PBXBuildFile section */
		0722B1FF2C4A858100A2D595 /* BaseNavigationView.swift in Sources */ = {isa = PBXBuildFile; fileRef = 0722B1FE2C4A858100A2D595 /* BaseNavigationView.swift */; };
		0722B2012C4A859300A2D595 /* BaseView.swift in Sources */ = {isa = PBXBuildFile; fileRef = 0722B2002C4A859300A2D595 /* BaseView.swift */; };
		0722B2032C4A89D400A2D595 /* BaseObservableViewModel.swift in Sources */ = {isa = PBXBuildFile; fileRef = 0722B2022C4A89D400A2D595 /* BaseObservableViewModel.swift */; };
		07306D4D2CCD71260081D6CC /* PersistentLayer in Frameworks */ = {isa = PBXBuildFile; productRef = 07306D4C2CCD71260081D6CC /* PersistentLayer */; };
		0730946A2C4BA03C00F48548 /* Double+Ext.swift in Sources */ = {isa = PBXBuildFile; fileRef = 073094692C4BA03C00F48548 /* Double+Ext.swift */; };
		0730946C2C4BB64200F48548 /* SearchBarView.swift in Sources */ = {isa = PBXBuildFile; fileRef = 0730946B2C4BB64200F48548 /* SearchBarView.swift */; };
		0730946E2C4BB85700F48548 /* UIApplication.swift in Sources */ = {isa = PBXBuildFile; fileRef = 0730946D2C4BB85700F48548 /* UIApplication.swift */; };
		073094712C4BBD6200F48548 /* SSToastMessage in Frameworks */ = {isa = PBXBuildFile; productRef = 073094702C4BBD6200F48548 /* SSToastMessage */; };
		073094762C4BC93E00F48548 /* ToastView.swift in Sources */ = {isa = PBXBuildFile; fileRef = 073094752C4BC93E00F48548 /* ToastView.swift */; };
		0738112D2C4839430062F775 /* Products_iOSApp.swift in Sources */ = {isa = PBXBuildFile; fileRef = 0738112C2C4839430062F775 /* Products_iOSApp.swift */; };
		073811312C4839450062F775 /* Assets.xcassets in Resources */ = {isa = PBXBuildFile; fileRef = 073811302C4839450062F775 /* Assets.xcassets */; };
		073811342C4839450062F775 /* Preview Assets.xcassets in Resources */ = {isa = PBXBuildFile; fileRef = 073811332C4839450062F775 /* Preview Assets.xcassets */; };
		073811432C4839450062F775 /* Products_iOSTests.swift in Sources */ = {isa = PBXBuildFile; fileRef = 073811422C4839450062F775 /* Products_iOSTests.swift */; };
		0738114D2C4839460062F775 /* Products_iOSUITests.swift in Sources */ = {isa = PBXBuildFile; fileRef = 0738114C2C4839460062F775 /* Products_iOSUITests.swift */; };
		0738114F2C4839460062F775 /* Products_iOSUITestsLaunchTests.swift in Sources */ = {isa = PBXBuildFile; fileRef = 0738114E2C4839460062F775 /* Products_iOSUITestsLaunchTests.swift */; };
		0754466C2C5E690800A1CB21 /* Environment.swift in Sources */ = {isa = PBXBuildFile; fileRef = 0754466B2C5E690800A1CB21 /* Environment.swift */; };
		077C291C2C53AC2A0027C032 /* oAmNetworking in Frameworks */ = {isa = PBXBuildFile; productRef = 077C291B2C53AC2A0027C032 /* oAmNetworking */; };
		07849E732C4BD591008B3F08 /* LoadingIndecator.swift in Sources */ = {isa = PBXBuildFile; fileRef = 07849E722C4BD591008B3F08 /* LoadingIndecator.swift */; };
		079051572C4AD4E600497E5F /* ProductsEndpoint.swift in Sources */ = {isa = PBXBuildFile; fileRef = 079051562C4AD4E600497E5F /* ProductsEndpoint.swift */; };
		079051592C4AD4FD00497E5F /* ProductsService.swift in Sources */ = {isa = PBXBuildFile; fileRef = 079051582C4AD4FD00497E5F /* ProductsService.swift */; };
		0790515B2C4AD70800497E5F /* ProductModel.swift in Sources */ = {isa = PBXBuildFile; fileRef = 0790515A2C4AD70800497E5F /* ProductModel.swift */; };
		0790515E2C4AD96A00497E5F /* ProductsView.swift in Sources */ = {isa = PBXBuildFile; fileRef = 0790515D2C4AD96A00497E5F /* ProductsView.swift */; };
		079051652C4ADDF800497E5F /* ProductCard.swift in Sources */ = {isa = PBXBuildFile; fileRef = 079051642C4ADDF800497E5F /* ProductCard.swift */; };
		079051682C4AE70600497E5F /* Preview+Extention.swift in Sources */ = {isa = PBXBuildFile; fileRef = 079051672C4AE70600497E5F /* Preview+Extention.swift */; };
		0790516B2C4B12AA00497E5F /* ProductsViewModel.swift in Sources */ = {isa = PBXBuildFile; fileRef = 0790516A2C4B12AA00497E5F /* ProductsViewModel.swift */; };
		07DCC0A82CCD70EB004833A8 /* Products.xcdatamodeld in Sources */ = {isa = PBXBuildFile; fileRef = 07DCC0A62CCD70EB004833A8 /* Products.xcdatamodeld */; };
/* End PBXBuildFile section */

/* Begin PBXContainerItemProxy section */
		0738113F2C4839450062F775 /* PBXContainerItemProxy */ = {
			isa = PBXContainerItemProxy;
			containerPortal = 073811212C4839430062F775 /* Project object */;
			proxyType = 1;
			remoteGlobalIDString = 073811282C4839430062F775;
			remoteInfo = "Products-iOS";
		};
		073811492C4839460062F775 /* PBXContainerItemProxy */ = {
			isa = PBXContainerItemProxy;
			containerPortal = 073811212C4839430062F775 /* Project object */;
			proxyType = 1;
			remoteGlobalIDString = 073811282C4839430062F775;
			remoteInfo = "Products-iOS";
		};
/* End PBXContainerItemProxy section */

/* Begin PBXFileReference section */
		0722B1FE2C4A858100A2D595 /* BaseNavigationView.swift */ = {isa = PBXFileReference; lastKnownFileType = sourcecode.swift; path = BaseNavigationView.swift; sourceTree = "<group>"; };
		0722B2002C4A859300A2D595 /* BaseView.swift */ = {isa = PBXFileReference; lastKnownFileType = sourcecode.swift; path = BaseView.swift; sourceTree = "<group>"; };
		0722B2022C4A89D400A2D595 /* BaseObservableViewModel.swift */ = {isa = PBXFileReference; lastKnownFileType = sourcecode.swift; path = BaseObservableViewModel.swift; sourceTree = "<group>"; };
		073094692C4BA03C00F48548 /* Double+Ext.swift */ = {isa = PBXFileReference; lastKnownFileType = sourcecode.swift; path = "Double+Ext.swift"; sourceTree = "<group>"; };
		0730946B2C4BB64200F48548 /* SearchBarView.swift */ = {isa = PBXFileReference; lastKnownFileType = sourcecode.swift; path = SearchBarView.swift; sourceTree = "<group>"; };
		0730946D2C4BB85700F48548 /* UIApplication.swift */ = {isa = PBXFileReference; fileEncoding = 4; lastKnownFileType = sourcecode.swift; path = UIApplication.swift; sourceTree = "<group>"; };
		073094752C4BC93E00F48548 /* ToastView.swift */ = {isa = PBXFileReference; lastKnownFileType = sourcecode.swift; path = ToastView.swift; sourceTree = "<group>"; };
		073811292C4839430062F775 /* Products-iOS.app */ = {isa = PBXFileReference; explicitFileType = wrapper.application; includeInIndex = 0; path = "Products-iOS.app"; sourceTree = BUILT_PRODUCTS_DIR; };
		0738112C2C4839430062F775 /* Products_iOSApp.swift */ = {isa = PBXFileReference; lastKnownFileType = sourcecode.swift; path = Products_iOSApp.swift; sourceTree = "<group>"; };
		073811302C4839450062F775 /* Assets.xcassets */ = {isa = PBXFileReference; lastKnownFileType = folder.assetcatalog; path = Assets.xcassets; sourceTree = "<group>"; };
		073811332C4839450062F775 /* Preview Assets.xcassets */ = {isa = PBXFileReference; lastKnownFileType = folder.assetcatalog; path = "Preview Assets.xcassets"; sourceTree = "<group>"; };
		0738113E2C4839450062F775 /* Products-iOSTests.xctest */ = {isa = PBXFileReference; explicitFileType = wrapper.cfbundle; includeInIndex = 0; path = "Products-iOSTests.xctest"; sourceTree = BUILT_PRODUCTS_DIR; };
		073811422C4839450062F775 /* Products_iOSTests.swift */ = {isa = PBXFileReference; lastKnownFileType = sourcecode.swift; path = Products_iOSTests.swift; sourceTree = "<group>"; };
		073811482C4839450062F775 /* Products-iOSUITests.xctest */ = {isa = PBXFileReference; explicitFileType = wrapper.cfbundle; includeInIndex = 0; path = "Products-iOSUITests.xctest"; sourceTree = BUILT_PRODUCTS_DIR; };
		0738114C2C4839460062F775 /* Products_iOSUITests.swift */ = {isa = PBXFileReference; lastKnownFileType = sourcecode.swift; path = Products_iOSUITests.swift; sourceTree = "<group>"; };
		0738114E2C4839460062F775 /* Products_iOSUITestsLaunchTests.swift */ = {isa = PBXFileReference; lastKnownFileType = sourcecode.swift; path = Products_iOSUITestsLaunchTests.swift; sourceTree = "<group>"; };
		0754466B2C5E690800A1CB21 /* Environment.swift */ = {isa = PBXFileReference; lastKnownFileType = sourcecode.swift; path = Environment.swift; sourceTree = "<group>"; };
		07849E722C4BD591008B3F08 /* LoadingIndecator.swift */ = {isa = PBXFileReference; lastKnownFileType = sourcecode.swift; path = LoadingIndecator.swift; sourceTree = "<group>"; };
		079051562C4AD4E600497E5F /* ProductsEndpoint.swift */ = {isa = PBXFileReference; lastKnownFileType = sourcecode.swift; path = ProductsEndpoint.swift; sourceTree = "<group>"; };
		079051582C4AD4FD00497E5F /* ProductsService.swift */ = {isa = PBXFileReference; lastKnownFileType = sourcecode.swift; path = ProductsService.swift; sourceTree = "<group>"; };
		0790515A2C4AD70800497E5F /* ProductModel.swift */ = {isa = PBXFileReference; lastKnownFileType = sourcecode.swift; path = ProductModel.swift; sourceTree = "<group>"; };
		0790515D2C4AD96A00497E5F /* ProductsView.swift */ = {isa = PBXFileReference; lastKnownFileType = sourcecode.swift; path = ProductsView.swift; sourceTree = "<group>"; };
		079051642C4ADDF800497E5F /* ProductCard.swift */ = {isa = PBXFileReference; lastKnownFileType = sourcecode.swift; path = ProductCard.swift; sourceTree = "<group>"; };
		079051672C4AE70600497E5F /* Preview+Extention.swift */ = {isa = PBXFileReference; lastKnownFileType = sourcecode.swift; path = "Preview+Extention.swift"; sourceTree = "<group>"; };
		0790516A2C4B12AA00497E5F /* ProductsViewModel.swift */ = {isa = PBXFileReference; lastKnownFileType = sourcecode.swift; path = ProductsViewModel.swift; sourceTree = "<group>"; };
		07DCC0A42CCD7034004833A8 /* PersistentLayer */ = {isa = PBXFileReference; lastKnownFileType = wrapper; name = PersistentLayer; path = ../../../../xCodeProjects/PersistentLayer; sourceTree = "<group>"; };
		07DCC0A72CCD70EB004833A8 /* Products.xcdatamodel */ = {isa = PBXFileReference; lastKnownFileType = wrapper.xcdatamodel; path = Products.xcdatamodel; sourceTree = "<group>"; };
/* End PBXFileReference section */

/* Begin PBXFrameworksBuildPhase section */
		073811262C4839430062F775 /* Frameworks */ = {
			isa = PBXFrameworksBuildPhase;
			buildActionMask = 2147483647;
			files = (
				077C291C2C53AC2A0027C032 /* oAmNetworking in Frameworks */,
				073094712C4BBD6200F48548 /* SSToastMessage in Frameworks */,
				07306D4D2CCD71260081D6CC /* PersistentLayer in Frameworks */,
			);
			runOnlyForDeploymentPostprocessing = 0;
		};
		0738113B2C4839450062F775 /* Frameworks */ = {
			isa = PBXFrameworksBuildPhase;
			buildActionMask = 2147483647;
			files = (
			);
			runOnlyForDeploymentPostprocessing = 0;
		};
		073811452C4839450062F775 /* Frameworks */ = {
			isa = PBXFrameworksBuildPhase;
			buildActionMask = 2147483647;
			files = (
			);
			runOnlyForDeploymentPostprocessing = 0;
		};
/* End PBXFrameworksBuildPhase section */

/* Begin PBXGroup section */
		0722B1FA2C4A84CA00A2D595 /* App */ = {
			isa = PBXGroup;
			children = (
				0738112C2C4839430062F775 /* Products_iOSApp.swift */,
			);
			path = App;
			sourceTree = "<group>";
		};
		0722B1FB2C4A852900A2D595 /* Assets */ = {
			isa = PBXGroup;
			children = (
				073811302C4839450062F775 /* Assets.xcassets */,
				073811322C4839450062F775 /* Preview Content */,
			);
			path = Assets;
			sourceTree = "<group>";
		};
		0722B1FC2C4A854F00A2D595 /* Core */ = {
			isa = PBXGroup;
			children = (
				07DCC0A52CCD70AC004833A8 /* Persistent */,
				0722B1FD2C4A855700A2D595 /* Base */,
				0722B2062C4A957F00A2D595 /* Remote */,
			);
			path = Core;
			sourceTree = "<group>";
		};
		0722B1FD2C4A855700A2D595 /* Base */ = {
			isa = PBXGroup;
			children = (
				0722B1FE2C4A858100A2D595 /* BaseNavigationView.swift */,
				0722B2002C4A859300A2D595 /* BaseView.swift */,
				0722B2022C4A89D400A2D595 /* BaseObservableViewModel.swift */,
			);
			path = Base;
			sourceTree = "<group>";
		};
		0722B2062C4A957F00A2D595 /* Remote */ = {
			isa = PBXGroup;
			children = (
				079051542C4AD47A00497E5F /* Service */,
			);
			path = Remote;
			sourceTree = "<group>";
		};
		07306D4B2CCD71260081D6CC /* Frameworks */ = {
			isa = PBXGroup;
			children = (
			);
			name = Frameworks;
			sourceTree = "<group>";
		};
		073094722C4BBDC700F48548 /* ViewComponents */ = {
			isa = PBXGroup;
			children = (
				073094752C4BC93E00F48548 /* ToastView.swift */,
				07849E722C4BD591008B3F08 /* LoadingIndecator.swift */,
			);
			path = ViewComponents;
			sourceTree = "<group>";
		};
		073811202C4839430062F775 = {
			isa = PBXGroup;
			children = (
				07DCC0A42CCD7034004833A8 /* PersistentLayer */,
				0738112B2C4839430062F775 /* Products-iOS */,
				073811412C4839450062F775 /* Products-iOSTests */,
				0738114B2C4839460062F775 /* Products-iOSUITests */,
				0738112A2C4839430062F775 /* Products */,
				07306D4B2CCD71260081D6CC /* Frameworks */,
			);
			sourceTree = "<group>";
		};
		0738112A2C4839430062F775 /* Products */ = {
			isa = PBXGroup;
			children = (
				073811292C4839430062F775 /* Products-iOS.app */,
				0738113E2C4839450062F775 /* Products-iOSTests.xctest */,
				073811482C4839450062F775 /* Products-iOSUITests.xctest */,
			);
			name = Products;
			sourceTree = "<group>";
		};
		0738112B2C4839430062F775 /* Products-iOS */ = {
			isa = PBXGroup;
			children = (
				073094722C4BBDC700F48548 /* ViewComponents */,
				079051662C4AE6F100497E5F /* Extentions */,
				0722B1FA2C4A84CA00A2D595 /* App */,
				0722B1FB2C4A852900A2D595 /* Assets */,
				0790515C2C4AD95500497E5F /* Screens */,
				0722B1FC2C4A854F00A2D595 /* Core */,
			);
			path = "Products-iOS";
			sourceTree = "<group>";
		};
		073811322C4839450062F775 /* Preview Content */ = {
			isa = PBXGroup;
			children = (
				073811332C4839450062F775 /* Preview Assets.xcassets */,
			);
			path = "Preview Content";
			sourceTree = "<group>";
		};
		073811412C4839450062F775 /* Products-iOSTests */ = {
			isa = PBXGroup;
			children = (
				073811422C4839450062F775 /* Products_iOSTests.swift */,
			);
			path = "Products-iOSTests";
			sourceTree = "<group>";
		};
		0738114B2C4839460062F775 /* Products-iOSUITests */ = {
			isa = PBXGroup;
			children = (
				0738114C2C4839460062F775 /* Products_iOSUITests.swift */,
				0738114E2C4839460062F775 /* Products_iOSUITestsLaunchTests.swift */,
			);
			path = "Products-iOSUITests";
			sourceTree = "<group>";
		};
		079051542C4AD47A00497E5F /* Service */ = {
			isa = PBXGroup;
			children = (
				0754466B2C5E690800A1CB21 /* Environment.swift */,
				079051552C4AD4BD00497E5F /* Products */,
			);
			path = Service;
			sourceTree = "<group>";
		};
		079051552C4AD4BD00497E5F /* Products */ = {
			isa = PBXGroup;
			children = (
				079051562C4AD4E600497E5F /* ProductsEndpoint.swift */,
				079051582C4AD4FD00497E5F /* ProductsService.swift */,
				0790515A2C4AD70800497E5F /* ProductModel.swift */,
			);
			path = Products;
			sourceTree = "<group>";
		};
		0790515C2C4AD95500497E5F /* Screens */ = {
			isa = PBXGroup;
			children = (
				079051612C4ADDBD00497E5F /* ProductsView */,
			);
			path = Screens;
			sourceTree = "<group>";
		};
		079051612C4ADDBD00497E5F /* ProductsView */ = {
			isa = PBXGroup;
			children = (
				079051692C4B129200497E5F /* ViewModel */,
				079051622C4ADDD500497E5F /* View */,
			);
			path = ProductsView;
			sourceTree = "<group>";
		};
		079051622C4ADDD500497E5F /* View */ = {
			isa = PBXGroup;
			children = (
				079051632C4ADDDF00497E5F /* SubView */,
				0790515D2C4AD96A00497E5F /* ProductsView.swift */,
			);
			path = View;
			sourceTree = "<group>";
		};
		079051632C4ADDDF00497E5F /* SubView */ = {
			isa = PBXGroup;
			children = (
				079051642C4ADDF800497E5F /* ProductCard.swift */,
				0730946B2C4BB64200F48548 /* SearchBarView.swift */,
			);
			path = SubView;
			sourceTree = "<group>";
		};
		079051662C4AE6F100497E5F /* Extentions */ = {
			isa = PBXGroup;
			children = (
				079051672C4AE70600497E5F /* Preview+Extention.swift */,
				073094692C4BA03C00F48548 /* Double+Ext.swift */,
				0730946D2C4BB85700F48548 /* UIApplication.swift */,
			);
			path = Extentions;
			sourceTree = "<group>";
		};
		079051692C4B129200497E5F /* ViewModel */ = {
			isa = PBXGroup;
			children = (
				0790516A2C4B12AA00497E5F /* ProductsViewModel.swift */,
			);
			path = ViewModel;
			sourceTree = "<group>";
		};
		07DCC0A52CCD70AC004833A8 /* Persistent */ = {
			isa = PBXGroup;
			children = (
				07DCC0A62CCD70EB004833A8 /* Products.xcdatamodeld */,
			);
			path = Persistent;
			sourceTree = "<group>";
		};
/* End PBXGroup section */

/* Begin PBXNativeTarget section */
		073811282C4839430062F775 /* Products-iOS */ = {
			isa = PBXNativeTarget;
			buildConfigurationList = 073811522C4839460062F775 /* Build configuration list for PBXNativeTarget "Products-iOS" */;
			buildPhases = (
				073811252C4839430062F775 /* Sources */,
				073811262C4839430062F775 /* Frameworks */,
				073811272C4839430062F775 /* Resources */,
			);
			buildRules = (
			);
			dependencies = (
			);
			name = "Products-iOS";
			packageProductDependencies = (
				073094702C4BBD6200F48548 /* SSToastMessage */,
				077C291B2C53AC2A0027C032 /* oAmNetworking */,
				07306D4C2CCD71260081D6CC /* PersistentLayer */,
			);
			productName = "Products-iOS";
			productReference = 073811292C4839430062F775 /* Products-iOS.app */;
			productType = "com.apple.product-type.application";
		};
		0738113D2C4839450062F775 /* Products-iOSTests */ = {
			isa = PBXNativeTarget;
			buildConfigurationList = 073811552C4839460062F775 /* Build configuration list for PBXNativeTarget "Products-iOSTests" */;
			buildPhases = (
				0738113A2C4839450062F775 /* Sources */,
				0738113B2C4839450062F775 /* Frameworks */,
				0738113C2C4839450062F775 /* Resources */,
			);
			buildRules = (
			);
			dependencies = (
				073811402C4839450062F775 /* PBXTargetDependency */,
			);
			name = "Products-iOSTests";
			productName = "Products-iOSTests";
			productReference = 0738113E2C4839450062F775 /* Products-iOSTests.xctest */;
			productType = "com.apple.product-type.bundle.unit-test";
		};
		073811472C4839450062F775 /* Products-iOSUITests */ = {
			isa = PBXNativeTarget;
			buildConfigurationList = 073811582C4839460062F775 /* Build configuration list for PBXNativeTarget "Products-iOSUITests" */;
			buildPhases = (
				073811442C4839450062F775 /* Sources */,
				073811452C4839450062F775 /* Frameworks */,
				073811462C4839450062F775 /* Resources */,
			);
			buildRules = (
			);
			dependencies = (
				0738114A2C4839460062F775 /* PBXTargetDependency */,
			);
			name = "Products-iOSUITests";
			productName = "Products-iOSUITests";
			productReference = 073811482C4839450062F775 /* Products-iOSUITests.xctest */;
			productType = "com.apple.product-type.bundle.ui-testing";
		};
/* End PBXNativeTarget section */

/* Begin PBXProject section */
		073811212C4839430062F775 /* Project object */ = {
			isa = PBXProject;
			attributes = {
				BuildIndependentTargetsInParallel = 1;
				LastSwiftUpdateCheck = 1410;
				LastUpgradeCheck = 1410;
				TargetAttributes = {
					073811282C4839430062F775 = {
						CreatedOnToolsVersion = 14.1;
					};
					0738113D2C4839450062F775 = {
						CreatedOnToolsVersion = 14.1;
						TestTargetID = 073811282C4839430062F775;
					};
					073811472C4839450062F775 = {
						CreatedOnToolsVersion = 14.1;
						TestTargetID = 073811282C4839430062F775;
					};
				};
			};
			buildConfigurationList = 073811242C4839430062F775 /* Build configuration list for PBXProject "Products-iOS" */;
			compatibilityVersion = "Xcode 14.0";
			developmentRegion = en;
			hasScannedForEncodings = 0;
			knownRegions = (
				en,
				Base,
			);
			mainGroup = 073811202C4839430062F775;
			packageReferences = (
				0730946F2C4BBD6100F48548 /* XCRemoteSwiftPackageReference "SSToastMessage" */,
				077C291A2C53AC2A0027C032 /* XCRemoteSwiftPackageReference "oAmNetworking" */,
			);
			productRefGroup = 0738112A2C4839430062F775 /* Products */;
			projectDirPath = "";
			projectRoot = "";
			targets = (
				073811282C4839430062F775 /* Products-iOS */,
				0738113D2C4839450062F775 /* Products-iOSTests */,
				073811472C4839450062F775 /* Products-iOSUITests */,
			);
		};
/* End PBXProject section */

/* Begin PBXResourcesBuildPhase section */
		073811272C4839430062F775 /* Resources */ = {
			isa = PBXResourcesBuildPhase;
			buildActionMask = 2147483647;
			files = (
				073811342C4839450062F775 /* Preview Assets.xcassets in Resources */,
				073811312C4839450062F775 /* Assets.xcassets in Resources */,
			);
			runOnlyForDeploymentPostprocessing = 0;
		};
		0738113C2C4839450062F775 /* Resources */ = {
			isa = PBXResourcesBuildPhase;
			buildActionMask = 2147483647;
			files = (
			);
			runOnlyForDeploymentPostprocessing = 0;
		};
		073811462C4839450062F775 /* Resources */ = {
			isa = PBXResourcesBuildPhase;
			buildActionMask = 2147483647;
			files = (
			);
			runOnlyForDeploymentPostprocessing = 0;
		};
/* End PBXResourcesBuildPhase section */

/* Begin PBXSourcesBuildPhase section */
		073811252C4839430062F775 /* Sources */ = {
			isa = PBXSourcesBuildPhase;
			buildActionMask = 2147483647;
			files = (
				0730946E2C4BB85700F48548 /* UIApplication.swift in Sources */,
				0738112D2C4839430062F775 /* Products_iOSApp.swift in Sources */,
				079051682C4AE70600497E5F /* Preview+Extention.swift in Sources */,
				0722B2012C4A859300A2D595 /* BaseView.swift in Sources */,
				07849E732C4BD591008B3F08 /* LoadingIndecator.swift in Sources */,
				07DCC0A82CCD70EB004833A8 /* Products.xcdatamodeld in Sources */,
				0722B2032C4A89D400A2D595 /* BaseObservableViewModel.swift in Sources */,
				079051572C4AD4E600497E5F /* ProductsEndpoint.swift in Sources */,
				079051652C4ADDF800497E5F /* ProductCard.swift in Sources */,
				0730946A2C4BA03C00F48548 /* Double+Ext.swift in Sources */,
				0722B1FF2C4A858100A2D595 /* BaseNavigationView.swift in Sources */,
				0790515B2C4AD70800497E5F /* ProductModel.swift in Sources */,
				079051592C4AD4FD00497E5F /* ProductsService.swift in Sources */,
				0790515E2C4AD96A00497E5F /* ProductsView.swift in Sources */,
				0730946C2C4BB64200F48548 /* SearchBarView.swift in Sources */,
				0790516B2C4B12AA00497E5F /* ProductsViewModel.swift in Sources */,
				073094762C4BC93E00F48548 /* ToastView.swift in Sources */,
				0754466C2C5E690800A1CB21 /* Environment.swift in Sources */,
			);
			runOnlyForDeploymentPostprocessing = 0;
		};
		0738113A2C4839450062F775 /* Sources */ = {
			isa = PBXSourcesBuildPhase;
			buildActionMask = 2147483647;
			files = (
				073811432C4839450062F775 /* Products_iOSTests.swift in Sources */,
			);
			runOnlyForDeploymentPostprocessing = 0;
		};
		073811442C4839450062F775 /* Sources */ = {
			isa = PBXSourcesBuildPhase;
			buildActionMask = 2147483647;
			files = (
				0738114F2C4839460062F775 /* Products_iOSUITestsLaunchTests.swift in Sources */,
				0738114D2C4839460062F775 /* Products_iOSUITests.swift in Sources */,
			);
			runOnlyForDeploymentPostprocessing = 0;
		};
/* End PBXSourcesBuildPhase section */

/* Begin PBXTargetDependency section */
		073811402C4839450062F775 /* PBXTargetDependency */ = {
			isa = PBXTargetDependency;
			target = 073811282C4839430062F775 /* Products-iOS */;
			targetProxy = 0738113F2C4839450062F775 /* PBXContainerItemProxy */;
		};
		0738114A2C4839460062F775 /* PBXTargetDependency */ = {
			isa = PBXTargetDependency;
			target = 073811282C4839430062F775 /* Products-iOS */;
			targetProxy = 073811492C4839460062F775 /* PBXContainerItemProxy */;
		};
/* End PBXTargetDependency section */

/* Begin XCBuildConfiguration section */
		073811502C4839460062F775 /* Debug */ = {
			isa = XCBuildConfiguration;
			buildSettings = {
				ALWAYS_SEARCH_USER_PATHS = NO;
				CLANG_ANALYZER_NONNULL = YES;
				CLANG_ANALYZER_NUMBER_OBJECT_CONVERSION = YES_AGGRESSIVE;
				CLANG_CXX_LANGUAGE_STANDARD = "gnu++20";
				CLANG_ENABLE_MODULES = YES;
				CLANG_ENABLE_OBJC_ARC = YES;
				CLANG_ENABLE_OBJC_WEAK = YES;
				CLANG_WARN_BLOCK_CAPTURE_AUTORELEASING = YES;
				CLANG_WARN_BOOL_CONVERSION = YES;
				CLANG_WARN_COMMA = YES;
				CLANG_WARN_CONSTANT_CONVERSION = YES;
				CLANG_WARN_DEPRECATED_OBJC_IMPLEMENTATIONS = YES;
				CLANG_WARN_DIRECT_OBJC_ISA_USAGE = YES_ERROR;
				CLANG_WARN_DOCUMENTATION_COMMENTS = YES;
				CLANG_WARN_EMPTY_BODY = YES;
				CLANG_WARN_ENUM_CONVERSION = YES;
				CLANG_WARN_INFINITE_RECURSION = YES;
				CLANG_WARN_INT_CONVERSION = YES;
				CLANG_WARN_NON_LITERAL_NULL_CONVERSION = YES;
				CLANG_WARN_OBJC_IMPLICIT_RETAIN_SELF = YES;
				CLANG_WARN_OBJC_LITERAL_CONVERSION = YES;
				CLANG_WARN_OBJC_ROOT_CLASS = YES_ERROR;
				CLANG_WARN_QUOTED_INCLUDE_IN_FRAMEWORK_HEADER = YES;
				CLANG_WARN_RANGE_LOOP_ANALYSIS = YES;
				CLANG_WARN_STRICT_PROTOTYPES = YES;
				CLANG_WARN_SUSPICIOUS_MOVE = YES;
				CLANG_WARN_UNGUARDED_AVAILABILITY = YES_AGGRESSIVE;
				CLANG_WARN_UNREACHABLE_CODE = YES;
				CLANG_WARN__DUPLICATE_METHOD_MATCH = YES;
				COPY_PHASE_STRIP = NO;
				DEBUG_INFORMATION_FORMAT = dwarf;
				ENABLE_STRICT_OBJC_MSGSEND = YES;
				ENABLE_TESTABILITY = YES;
				GCC_C_LANGUAGE_STANDARD = gnu11;
				GCC_DYNAMIC_NO_PIC = NO;
				GCC_NO_COMMON_BLOCKS = YES;
				GCC_OPTIMIZATION_LEVEL = 0;
				GCC_PREPROCESSOR_DEFINITIONS = (
					"DEBUG=1",
					"$(inherited)",
				);
				GCC_WARN_64_TO_32_BIT_CONVERSION = YES;
				GCC_WARN_ABOUT_RETURN_TYPE = YES_ERROR;
				GCC_WARN_UNDECLARED_SELECTOR = YES;
				GCC_WARN_UNINITIALIZED_AUTOS = YES_AGGRESSIVE;
				GCC_WARN_UNUSED_FUNCTION = YES;
				GCC_WARN_UNUSED_VARIABLE = YES;
				IPHONEOS_DEPLOYMENT_TARGET = 16.1;
				MTL_ENABLE_DEBUG_INFO = INCLUDE_SOURCE;
				MTL_FAST_MATH = YES;
				ONLY_ACTIVE_ARCH = YES;
				SDKROOT = iphoneos;
				SWIFT_ACTIVE_COMPILATION_CONDITIONS = DEBUG;
				SWIFT_OPTIMIZATION_LEVEL = "-Onone";
			};
			name = Debug;
		};
		073811512C4839460062F775 /* Release */ = {
			isa = XCBuildConfiguration;
			buildSettings = {
				ALWAYS_SEARCH_USER_PATHS = NO;
				CLANG_ANALYZER_NONNULL = YES;
				CLANG_ANALYZER_NUMBER_OBJECT_CONVERSION = YES_AGGRESSIVE;
				CLANG_CXX_LANGUAGE_STANDARD = "gnu++20";
				CLANG_ENABLE_MODULES = YES;
				CLANG_ENABLE_OBJC_ARC = YES;
				CLANG_ENABLE_OBJC_WEAK = YES;
				CLANG_WARN_BLOCK_CAPTURE_AUTORELEASING = YES;
				CLANG_WARN_BOOL_CONVERSION = YES;
				CLANG_WARN_COMMA = YES;
				CLANG_WARN_CONSTANT_CONVERSION = YES;
				CLANG_WARN_DEPRECATED_OBJC_IMPLEMENTATIONS = YES;
				CLANG_WARN_DIRECT_OBJC_ISA_USAGE = YES_ERROR;
				CLANG_WARN_DOCUMENTATION_COMMENTS = YES;
				CLANG_WARN_EMPTY_BODY = YES;
				CLANG_WARN_ENUM_CONVERSION = YES;
				CLANG_WARN_INFINITE_RECURSION = YES;
				CLANG_WARN_INT_CONVERSION = YES;
				CLANG_WARN_NON_LITERAL_NULL_CONVERSION = YES;
				CLANG_WARN_OBJC_IMPLICIT_RETAIN_SELF = YES;
				CLANG_WARN_OBJC_LITERAL_CONVERSION = YES;
				CLANG_WARN_OBJC_ROOT_CLASS = YES_ERROR;
				CLANG_WARN_QUOTED_INCLUDE_IN_FRAMEWORK_HEADER = YES;
				CLANG_WARN_RANGE_LOOP_ANALYSIS = YES;
				CLANG_WARN_STRICT_PROTOTYPES = YES;
				CLANG_WARN_SUSPICIOUS_MOVE = YES;
				CLANG_WARN_UNGUARDED_AVAILABILITY = YES_AGGRESSIVE;
				CLANG_WARN_UNREACHABLE_CODE = YES;
				CLANG_WARN__DUPLICATE_METHOD_MATCH = YES;
				COPY_PHASE_STRIP = NO;
				DEBUG_INFORMATION_FORMAT = "dwarf-with-dsym";
				ENABLE_NS_ASSERTIONS = NO;
				ENABLE_STRICT_OBJC_MSGSEND = YES;
				GCC_C_LANGUAGE_STANDARD = gnu11;
				GCC_NO_COMMON_BLOCKS = YES;
				GCC_WARN_64_TO_32_BIT_CONVERSION = YES;
				GCC_WARN_ABOUT_RETURN_TYPE = YES_ERROR;
				GCC_WARN_UNDECLARED_SELECTOR = YES;
				GCC_WARN_UNINITIALIZED_AUTOS = YES_AGGRESSIVE;
				GCC_WARN_UNUSED_FUNCTION = YES;
				GCC_WARN_UNUSED_VARIABLE = YES;
				IPHONEOS_DEPLOYMENT_TARGET = 16.1;
				MTL_ENABLE_DEBUG_INFO = NO;
				MTL_FAST_MATH = YES;
				SDKROOT = iphoneos;
				SWIFT_COMPILATION_MODE = wholemodule;
				SWIFT_OPTIMIZATION_LEVEL = "-O";
				VALIDATE_PRODUCT = YES;
			};
			name = Release;
		};
		073811532C4839460062F775 /* Debug */ = {
			isa = XCBuildConfiguration;
			buildSettings = {
				ASSETCATALOG_COMPILER_APPICON_NAME = AppIcon;
				ASSETCATALOG_COMPILER_GLOBAL_ACCENT_COLOR_NAME = AccentColor;
				CODE_SIGN_STYLE = Automatic;
				CURRENT_PROJECT_VERSION = 1;
				DEVELOPMENT_ASSET_PATHS = "\"Products-iOS/Assets/Preview Content\"";
				DEVELOPMENT_TEAM = UQ2YS6389U;
				ENABLE_PREVIEWS = YES;
				GENERATE_INFOPLIST_FILE = YES;
				INFOPLIST_KEY_UIApplicationSceneManifest_Generation = YES;
				INFOPLIST_KEY_UIApplicationSupportsIndirectInputEvents = YES;
				INFOPLIST_KEY_UILaunchScreen_Generation = YES;
				INFOPLIST_KEY_UISupportedInterfaceOrientations_iPad = "UIInterfaceOrientationPortrait UIInterfaceOrientationPortraitUpsideDown UIInterfaceOrientationLandscapeLeft UIInterfaceOrientationLandscapeRight";
				INFOPLIST_KEY_UISupportedInterfaceOrientations_iPhone = "UIInterfaceOrientationPortrait UIInterfaceOrientationLandscapeLeft UIInterfaceOrientationLandscapeRight";
				LD_RUNPATH_SEARCH_PATHS = (
					"$(inherited)",
					"@executable_path/Frameworks",
				);
				MARKETING_VERSION = 1.0;
				PRODUCT_BUNDLE_IDENTIFIER = "com.OAM.Products-iOS";
				PRODUCT_NAME = "$(TARGET_NAME)";
				SWIFT_EMIT_LOC_STRINGS = YES;
				SWIFT_VERSION = 5.0;
				TARGETED_DEVICE_FAMILY = "1,2";
			};
			name = Debug;
		};
		073811542C4839460062F775 /* Release */ = {
			isa = XCBuildConfiguration;
			buildSettings = {
				ASSETCATALOG_COMPILER_APPICON_NAME = AppIcon;
				ASSETCATALOG_COMPILER_GLOBAL_ACCENT_COLOR_NAME = AccentColor;
				CODE_SIGN_STYLE = Automatic;
				CURRENT_PROJECT_VERSION = 1;
				DEVELOPMENT_ASSET_PATHS = "\"Products-iOS/Assets/Preview Content\"";
				DEVELOPMENT_TEAM = UQ2YS6389U;
				ENABLE_PREVIEWS = YES;
				GENERATE_INFOPLIST_FILE = YES;
				INFOPLIST_KEY_UIApplicationSceneManifest_Generation = YES;
				INFOPLIST_KEY_UIApplicationSupportsIndirectInputEvents = YES;
				INFOPLIST_KEY_UILaunchScreen_Generation = YES;
				INFOPLIST_KEY_UISupportedInterfaceOrientations_iPad = "UIInterfaceOrientationPortrait UIInterfaceOrientationPortraitUpsideDown UIInterfaceOrientationLandscapeLeft UIInterfaceOrientationLandscapeRight";
				INFOPLIST_KEY_UISupportedInterfaceOrientations_iPhone = "UIInterfaceOrientationPortrait UIInterfaceOrientationLandscapeLeft UIInterfaceOrientationLandscapeRight";
				LD_RUNPATH_SEARCH_PATHS = (
					"$(inherited)",
					"@executable_path/Frameworks",
				);
				MARKETING_VERSION = 1.0;
				PRODUCT_BUNDLE_IDENTIFIER = "com.OAM.Products-iOS";
				PRODUCT_NAME = "$(TARGET_NAME)";
				SWIFT_EMIT_LOC_STRINGS = YES;
				SWIFT_VERSION = 5.0;
				TARGETED_DEVICE_FAMILY = "1,2";
			};
			name = Release;
		};
		073811562C4839460062F775 /* Debug */ = {
			isa = XCBuildConfiguration;
			buildSettings = {
				ALWAYS_EMBED_SWIFT_STANDARD_LIBRARIES = YES;
				BUNDLE_LOADER = "$(TEST_HOST)";
				CODE_SIGN_STYLE = Automatic;
				CURRENT_PROJECT_VERSION = 1;
				DEVELOPMENT_TEAM = UQ2YS6389U;
				GENERATE_INFOPLIST_FILE = YES;
				IPHONEOS_DEPLOYMENT_TARGET = 16.1;
				MARKETING_VERSION = 1.0;
				PRODUCT_BUNDLE_IDENTIFIER = "com.OAM.Products-iOSTests";
				PRODUCT_NAME = "$(TARGET_NAME)";
				SWIFT_EMIT_LOC_STRINGS = NO;
				SWIFT_VERSION = 5.0;
				TARGETED_DEVICE_FAMILY = "1,2";
				TEST_HOST = "$(BUILT_PRODUCTS_DIR)/Products-iOS.app/$(BUNDLE_EXECUTABLE_FOLDER_PATH)/Products-iOS";
			};
			name = Debug;
		};
		073811572C4839460062F775 /* Release */ = {
			isa = XCBuildConfiguration;
			buildSettings = {
				ALWAYS_EMBED_SWIFT_STANDARD_LIBRARIES = YES;
				BUNDLE_LOADER = "$(TEST_HOST)";
				CODE_SIGN_STYLE = Automatic;
				CURRENT_PROJECT_VERSION = 1;
				DEVELOPMENT_TEAM = UQ2YS6389U;
				GENERATE_INFOPLIST_FILE = YES;
				IPHONEOS_DEPLOYMENT_TARGET = 16.1;
				MARKETING_VERSION = 1.0;
				PRODUCT_BUNDLE_IDENTIFIER = "com.OAM.Products-iOSTests";
				PRODUCT_NAME = "$(TARGET_NAME)";
				SWIFT_EMIT_LOC_STRINGS = NO;
				SWIFT_VERSION = 5.0;
				TARGETED_DEVICE_FAMILY = "1,2";
				TEST_HOST = "$(BUILT_PRODUCTS_DIR)/Products-iOS.app/$(BUNDLE_EXECUTABLE_FOLDER_PATH)/Products-iOS";
			};
			name = Release;
		};
		073811592C4839460062F775 /* Debug */ = {
			isa = XCBuildConfiguration;
			buildSettings = {
				ALWAYS_EMBED_SWIFT_STANDARD_LIBRARIES = YES;
				CODE_SIGN_STYLE = Automatic;
				CURRENT_PROJECT_VERSION = 1;
				DEVELOPMENT_TEAM = UQ2YS6389U;
				GENERATE_INFOPLIST_FILE = YES;
				MARKETING_VERSION = 1.0;
				PRODUCT_BUNDLE_IDENTIFIER = "com.OAM.Products-iOSUITests";
				PRODUCT_NAME = "$(TARGET_NAME)";
				SWIFT_EMIT_LOC_STRINGS = NO;
				SWIFT_VERSION = 5.0;
				TARGETED_DEVICE_FAMILY = "1,2";
				TEST_TARGET_NAME = "Products-iOS";
			};
			name = Debug;
		};
		0738115A2C4839460062F775 /* Release */ = {
			isa = XCBuildConfiguration;
			buildSettings = {
				ALWAYS_EMBED_SWIFT_STANDARD_LIBRARIES = YES;
				CODE_SIGN_STYLE = Automatic;
				CURRENT_PROJECT_VERSION = 1;
				DEVELOPMENT_TEAM = UQ2YS6389U;
				GENERATE_INFOPLIST_FILE = YES;
				MARKETING_VERSION = 1.0;
				PRODUCT_BUNDLE_IDENTIFIER = "com.OAM.Products-iOSUITests";
				PRODUCT_NAME = "$(TARGET_NAME)";
				SWIFT_EMIT_LOC_STRINGS = NO;
				SWIFT_VERSION = 5.0;
				TARGETED_DEVICE_FAMILY = "1,2";
				TEST_TARGET_NAME = "Products-iOS";
			};
			name = Release;
		};
/* End XCBuildConfiguration section */

/* Begin XCConfigurationList section */
		073811242C4839430062F775 /* Build configuration list for PBXProject "Products-iOS" */ = {
			isa = XCConfigurationList;
			buildConfigurations = (
				073811502C4839460062F775 /* Debug */,
				073811512C4839460062F775 /* Release */,
			);
			defaultConfigurationIsVisible = 0;
			defaultConfigurationName = Release;
		};
		073811522C4839460062F775 /* Build configuration list for PBXNativeTarget "Products-iOS" */ = {
			isa = XCConfigurationList;
			buildConfigurations = (
				073811532C4839460062F775 /* Debug */,
				073811542C4839460062F775 /* Release */,
			);
			defaultConfigurationIsVisible = 0;
			defaultConfigurationName = Release;
		};
		073811552C4839460062F775 /* Build configuration list for PBXNativeTarget "Products-iOSTests" */ = {
			isa = XCConfigurationList;
			buildConfigurations = (
				073811562C4839460062F775 /* Debug */,
				073811572C4839460062F775 /* Release */,
			);
			defaultConfigurationIsVisible = 0;
			defaultConfigurationName = Release;
		};
		073811582C4839460062F775 /* Build configuration list for PBXNativeTarget "Products-iOSUITests" */ = {
			isa = XCConfigurationList;
			buildConfigurations = (
				073811592C4839460062F775 /* Debug */,
				0738115A2C4839460062F775 /* Release */,
			);
			defaultConfigurationIsVisible = 0;
			defaultConfigurationName = Release;
		};
/* End XCConfigurationList section */

/* Begin XCRemoteSwiftPackageReference section */
		0730946F2C4BBD6100F48548 /* XCRemoteSwiftPackageReference "SSToastMessage" */ = {
			isa = XCRemoteSwiftPackageReference;
			repositoryURL = "https://github.com/SimformSolutionsPvtLtd/SSToastMessage.git";
			requirement = {
				kind = upToNextMajorVersion;
				minimumVersion = 2.0.0;
			};
		};
		077C291A2C53AC2A0027C032 /* XCRemoteSwiftPackageReference "oAmNetworking" */ = {
			isa = XCRemoteSwiftPackageReference;
			repositoryURL = "https://github.com/Omar-Abdelrazik-Kobaisy/oAmNetworking";
			requirement = {
				kind = upToNextMinorVersion;
				minimumVersion = 1.1.0;
			};
		};
/* End XCRemoteSwiftPackageReference section */

/* Begin XCSwiftPackageProductDependency section */
		07306D4C2CCD71260081D6CC /* PersistentLayer */ = {
			isa = XCSwiftPackageProductDependency;
			productName = PersistentLayer;
		};
		073094702C4BBD6200F48548 /* SSToastMessage */ = {
			isa = XCSwiftPackageProductDependency;
			package = 0730946F2C4BBD6100F48548 /* XCRemoteSwiftPackageReference "SSToastMessage" */;
			productName = SSToastMessage;
		};
		077C291B2C53AC2A0027C032 /* oAmNetworking */ = {
			isa = XCSwiftPackageProductDependency;
			package = 077C291A2C53AC2A0027C032 /* XCRemoteSwiftPackageReference "oAmNetworking" */;
			productName = oAmNetworking;
		};
/* End XCSwiftPackageProductDependency section */

/* Begin XCVersionGroup section */
		07DCC0A62CCD70EB004833A8 /* Products.xcdatamodeld */ = {
			isa = XCVersionGroup;
			children = (
				07DCC0A72CCD70EB004833A8 /* Products.xcdatamodel */,
			);
			currentVersion = 07DCC0A72CCD70EB004833A8 /* Products.xcdatamodel */;
			path = Products.xcdatamodeld;
			sourceTree = "<group>";
			versionGroupType = wrapper.xcdatamodel;
		};
/* End XCVersionGroup section */
	};
	rootObject = 073811212C4839430062F775 /* Project object */;
}
