{
  "pins" : [
    {
      "identity" : "oamnetworking",
      "kind" : "remoteSourceControl",
      "location" : "https://github.com/Omar-Abdelrazik-Kobaisy/oAmNetworking",
      "state" : {
        "revision" : "d35822ea22a71d58d9a1de6446deeedc4fcfb03d",
        "version" : "1.1.0"
      }
    },
    {
      "identity" : "sstoastmessage",
      "kind" : "remoteSourceControl",
      "location" : "https://github.com/SimformSolutionsPvtLtd/SSToastMessage.git",
      "state" : {
        "revision" : "cd0a4499feca70c7255ad1287da49df42a1bcde0",
        "version" : "2.0.0"
      }
    }
  ],
  "version" : 2
}
